
Microsoft Visual Studio Solution File, Format Version 12.00
# Visual Studio 15
VisualStudioVersion = 15.0.27004.2005
MinimumVisualStudioVersion = 10.0.40219.1
Project("{8BC9CEB8-8B4A-11D0-8D11-00A0C91BC942}") = "02_Hello Triangle", "02_Hello Triangle\02_Hello Triangle.vcxproj", "{E197F0DB-3E70-4002-9E67-90FBB10A2DEF}"
EndProject
Global
	GlobalSection(SolutionConfigurationPlatforms) = preSolution
		Debug|x64 = Debug|x64
		Debug|x86 = Debug|x86
		Release|x64 = Release|x64
		Release|x86 = Release|x86
	EndGlobalSection
	GlobalSection(ProjectConfigurationPlatforms) = postSolution
		{E197F0DB-3E70-4002-9E67-90FBB10A2DEF}.Debug|x64.ActiveCfg = Debug|x64
		{E197F0DB-3E70-4002-9E67-90FBB10A2DEF}.Debug|x64.Build.0 = Debug|x64
		{E197F0DB-3E70-4002-9E67-90FBB10A2DEF}.Debug|x86.ActiveCfg = Debug|Win32
		{E197F0DB-3E70-4002-9E67-90FBB10A2DEF}.Debug|x86.Build.0 = Debug|Win32
		{E197F0DB-3E70-4002-9E67-90FBB10A2DEF}.Release|x64.ActiveCfg = Release|x64
		{E197F0DB-3E70-4002-9E67-90FBB10A2DEF}.Release|x64.Build.0 = Release|x64
		{E197F0DB-3E70-4002-9E67-90FBB10A2DEF}.Release|x86.ActiveCfg = Release|Win32
		{E197F0DB-3E70-4002-9E67-90FBB10A2DEF}.Release|x86.Build.0 = Release|Win32
	EndGlobalSection
	GlobalSection(SolutionProperties) = preSolution
		HideSolutionNode = FALSE
	EndGlobalSection
	GlobalSection(ExtensibilityGlobals) = postSolution
		SolutionGuid = {B1009E54-5987-4142-B0A0-226C6B8683C0}
	EndGlobalSection
EndGlobal
